PODS:
  - Kamagari (0.9.0)
  - Realm (0.93.2):
    - Realm/Headers (= 0.93.2)
  - Realm/Headers (0.93.2)
  - RealmSwift (0.93.2):
    - Realm (= 0.93.2)

DEPENDENCIES:
  - Kamagari
  - RealmSwift

SPEC CHECKSUMS:
  Kamagari: e4dc6c28387e7cf1da9835870fe36aa9e97fc2f9
  Realm: 2fdd0ae74f730e190384e0338d8a0d3654df8220
  RealmSwift: 231b064da9f98b1c4f325fe1f1cb8756aae2b8d6

COCOAPODS: 0.38.2
